# THIS IS AN AUTOGENERATED FILE. DO NOT EDIT THIS FILE DIRECTLY.
# yarn lockfile v1


dom-walk@^0.1.0:
  version "0.1.2"
  resolved "https://registry.yarnpkg.com/dom-walk/-/dom-walk-0.1.2.tgz#0c548bef048f4d1f2a97249002236060daa3fd84"
  integrity sha512-6QvTW9mrGeIegrFXdtQi9pk7O/nSK6lSdXW2eqUspN5LWD7UTji2Fqw5V2YLjBpHEoU9Xl/eUWNpDeZvoyOv2w==

edit-json-file@^1.3.2:
  version "1.6.0"
  resolved "https://registry.yarnpkg.com/edit-json-file/-/edit-json-file-1.6.0.tgz#ff51a1648e40ab7613c912f33a2d1079d9b03f63"
  integrity sha512-m2l38nUbRLxE4rfKC03PYujSGsjpGlF9PyenteiT/rXCGdk7CVoSS2BJEiGUBoAPfGSsiZv8yA5x81WAoQJbuQ==
  dependencies:
    find-value "^1.0.3"
    iterate-object "^1.3.2"
    r-json "^1.2.5"
    set-value "^3.0.1"
    w-json "^1.3.5"

express-generator-typescript@^1.7.8:
  version "1.7.8"
  resolved "https://registry.yarnpkg.com/express-generator-typescript/-/express-generator-typescript-1.7.8.tgz#2ba503ad6c4e740eef5136c1f73d68222b43c3e0"
  integrity sha512-ivfZjerXBp5JCw/n8W5tA17Xw3LinVtFxqbgF9XZOhqPBu3JM3sCpkQjHswJ1ddvchA6JIIx8FzxwYhTPmjsSQ==
  dependencies:
    edit-json-file "^1.3.2"
    ncp "^2.0.0"

find-value@^1.0.3:
  version "1.0.12"
  resolved "https://registry.yarnpkg.com/find-value/-/find-value-1.0.12.tgz#68b6cec84e5b2d51272965e0bf09b26c9159c26e"
  integrity sha512-OCpo8LTk8eZ2sdDCwbU2Lc3ivYsdM6yod6jP2jHcNEFcjPhkgH0+POzTIol7xx1LZgtbI5rkO5jqxsG5MWtPjQ==

global@^4.4.0:
  version "4.4.0"
  resolved "https://registry.yarnpkg.com/global/-/global-4.4.0.tgz#3e7b105179006a323ed71aafca3e9c57a5cc6406"
  integrity sha512-wv/LAoHdRE3BeTGz53FAamhGlPLhlssK45usmGFThIi4XqnBmjKQ16u+RNbP7WvigRZDxUsM0J3gcQ5yicaL0w==
  dependencies:
    min-document "^2.19.0"
    process "^0.11.10"

is-plain-object@^2.0.4:
  version "2.0.4"
  resolved "https://registry.yarnpkg.com/is-plain-object/-/is-plain-object-2.0.4.tgz#2c163b3fafb1b606d9d17928f05c2a1c38e07677"
  integrity sha512-h5PpgXkWitc38BBMYawTYMWJHFZJVnBquFE57xFpjB8pJFiF6gZ+bU+WyI/yqXiFR5mdLsgYNaPe8uao6Uv9Og==
  dependencies:
    isobject "^3.0.1"

isobject@^3.0.1:
  version "3.0.1"
  resolved "https://registry.yarnpkg.com/isobject/-/isobject-3.0.1.tgz#4e431e92b11a9731636aa1f9c8d1ccbcfdab78df"
  integrity sha1-TkMekrEalzFjaqH5yNHMvP2reN8=

iterate-object@^1.3.2:
  version "1.3.4"
  resolved "https://registry.yarnpkg.com/iterate-object/-/iterate-object-1.3.4.tgz#fa50b1d9e58e340a7dd6b4c98c8a5e182e790096"
  integrity sha512-4dG1D1x/7g8PwHS9aK6QV5V94+ZvyP4+d19qDv43EzImmrndysIl4prmJ1hWWIGCqrZHyaHBm6BSEWHOLnpoNw==

min-document@^2.19.0:
  version "2.19.0"
  resolved "https://registry.yarnpkg.com/min-document/-/min-document-2.19.0.tgz#7bd282e3f5842ed295bb748cdd9f1ffa2c824685"
  integrity sha1-e9KC4/WELtKVu3SM3Z8f+iyCRoU=
  dependencies:
    dom-walk "^0.1.0"

ncp@^2.0.0:
  version "2.0.0"
  resolved "https://registry.yarnpkg.com/ncp/-/ncp-2.0.0.tgz#195a21d6c46e361d2fb1281ba38b91e9df7bdbb3"
  integrity sha1-GVoh1sRuNh0vsSgbo4uR6d9727M=

process@^0.11.10:
  version "0.11.10"
  resolved "https://registry.yarnpkg.com/process/-/process-0.11.10.tgz#7332300e840161bda3e69a1d1d91a7d4bc16f182"
  integrity sha1-czIwDoQBYb2j5podHZGn1LwW8YI=

r-json@^1.2.5:
  version "1.2.10"
  resolved "https://registry.yarnpkg.com/r-json/-/r-json-1.2.10.tgz#62a73d9cafa7eabf670e5c2812c27bdb220a968b"
  integrity sha512-hu9vyLjSlHXT62NAS7DjI9WazDlvjN0lgp3n431dCVnirVcLkZIpzSwA3orhZEKzdDD2jqNYI+w0yG0aFf4kpA==

set-value@^3.0.1:
  version "3.0.2"
  resolved "https://registry.yarnpkg.com/set-value/-/set-value-3.0.2.tgz#74e8ecd023c33d0f77199d415409a40f21e61b90"
  integrity sha512-npjkVoz+ank0zjlV9F47Fdbjfj/PfXyVhZvGALWsyIYU/qrMzpi6avjKW3/7KeSU2Df3I46BrN1xOI1+6vW0hA==
  dependencies:
    is-plain-object "^2.0.4"

w-json@^1.3.5:
  version "1.3.10"
  resolved "https://registry.yarnpkg.com/w-json/-/w-json-1.3.10.tgz#ac448a19ca22376e2753a684b52369c7b1e83313"
  integrity sha512-XadVyw0xE+oZ5FGApXsdswv96rOhStzKqL53uSe5UaTadABGkWIg1+DTx8kiZ/VqTZTBneoL0l65RcPe4W3ecw==
